
Microsoft Visual Studio Solution File, Format Version 12.00
# Visual Studio Version 16
VisualStudioVersion = 16.0.29609.76
MinimumVisualStudioVersion = 10.0.40219.1
Project("{FAE04EC0-301F-11D3-BF4B-00C04F79EFBC}") = "AutoMapper", "AutoMapper.csproj", "{0815F617-EFE7-4C71-ACFC-2ED67890FBBC}"
EndProject
Global
	GlobalSection(SolutionConfigurationPlatforms) = preSolution
		Debug|Any CPU = Debug|Any CPU
		Release|Any CPU = Release|Any CPU
	EndGlobalSection
	GlobalSection(ProjectConfigurationPlatforms) = postSolution
		{0815F617-EFE7-4C71-ACFC-2ED67890FBBC}.Debug|Any CPU.ActiveCfg = Debug|Any CPU
		{0815F617-EFE7-4C71-ACFC-2ED67890FBBC}.Debug|Any CPU.Build.0 = Debug|Any CPU
		{0815F617-EFE7-4C71-ACFC-2ED67890FBBC}.Release|Any CPU.ActiveCfg = Release|Any CPU
		{0815F617-EFE7-4C71-ACFC-2ED67890FBBC}.Release|Any CPU.Build.0 = Release|Any CPU
	EndGlobalSection
	GlobalSection(SolutionProperties) = preSolution
		HideSolutionNode = FALSE
	EndGlobalSection
	GlobalSection(ExtensibilityGlobals) = postSolution
		SolutionGuid = {A33E3F66-781B-4759-BA81-37AE5D1D2C9E}
	EndGlobalSection
EndGlobal
